
Microsoft Visual Studio Solution File, Format Version 12.00
# Visual Studio Version 17
VisualStudioVersion = 17.3.32929.385
MinimumVisualStudioVersion = 10.0.40219.1
Project("{FAE04EC0-301F-11D3-BF4B-00C04F79EFBC}") = "RazorPizzeria", "RazorPizzeria\RazorPizzeria.csproj", "{FA27F3BC-BA8F-446F-AE87-3593CDE5F05B}"
EndProject
Global
	GlobalSection(SolutionConfigurationPlatforms) = preSolution
		Debug|Any CPU = Debug|Any CPU
		Release|Any CPU = Release|Any CPU
	EndGlobalSection
	GlobalSection(ProjectConfigurationPlatforms) = postSolution
		{FA27F3BC-BA8F-446F-AE87-3593CDE5F05B}.Debug|Any CPU.ActiveCfg = Debug|Any CPU
		{FA27F3BC-BA8F-446F-AE87-3593CDE5F05B}.Debug|Any CPU.Build.0 = Debug|Any CPU
		{FA27F3BC-BA8F-446F-AE87-3593CDE5F05B}.Release|Any CPU.ActiveCfg = Release|Any CPU
		{FA27F3BC-BA8F-446F-AE87-3593CDE5F05B}.Release|Any CPU.Build.0 = Release|Any CPU
	EndGlobalSection
	GlobalSection(SolutionProperties) = preSolution
		HideSolutionNode = FALSE
	EndGlobalSection
	GlobalSection(ExtensibilityGlobals) = postSolution
		SolutionGuid = {04D82175-D981-4CAE-B35F-7C62FE53A905}
	EndGlobalSection
EndGlobal
